// !$*UTF8*$!
{
	archiveVersion = 1;
	classes = {
	};
	objectVersion = 51;
	objects = {

/* Begin PBXBuildFile section */
		5F19058024189279003CEC05 /* timeViewController.swift in Sources */ = {isa = PBXBuildFile; fileRef = 5F19057F24189279003CEC05 /* timeViewController.swift */; };
		5F44E5E1241C5E9900B2CC0A /* timerViewController.swift in Sources */ = {isa = PBXBuildFile; fileRef = 5F44E5E0241C5E9900B2CC0A /* timerViewController.swift */; };
		5F5563C423E0191E00A6C62E /* createAccountViewController.swift in Sources */ = {isa = PBXBuildFile; fileRef = 5F5563C323E0191E00A6C62E /* createAccountViewController.swift */; };
		5F5563C823FCCF1300A6C62E /* mapViewController.swift in Sources */ = {isa = PBXBuildFile; fileRef = 5F5563C723FCCF1300A6C62E /* mapViewController.swift */; };
		5F5563CA23FF060A00A6C62E /* constants.swift in Sources */ = {isa = PBXBuildFile; fileRef = 5F5563C923FF060A00A6C62E /* constants.swift */; };
		5F5563CE23FF218800A6C62E /* logintoCarViewController.swift in Sources */ = {isa = PBXBuildFile; fileRef = 5F5563CD23FF218700A6C62E /* logintoCarViewController.swift */; };
		5FAEFF4D23DFB6D900CBC3E1 /* AppDelegate.swift in Sources */ = {isa = PBXBuildFile; fileRef = 5FAEFF4C23DFB6D900CBC3E1 /* AppDelegate.swift */; };
		5FAEFF4F23DFB6D900CBC3E1 /* ViewController.swift in Sources */ = {isa = PBXBuildFile; fileRef = 5FAEFF4E23DFB6D900CBC3E1 /* ViewController.swift */; };
		5FAEFF5223DFB6D900CBC3E1 /* Main.storyboard in Resources */ = {isa = PBXBuildFile; fileRef = 5FAEFF5023DFB6D900CBC3E1 /* Main.storyboard */; };
		5FAEFF5523DFB6D900CBC3E1 /* senior_project.xcdatamodeld in Sources */ = {isa = PBXBuildFile; fileRef = 5FAEFF5323DFB6D900CBC3E1 /* senior_project.xcdatamodeld */; };
		5FAEFF5723DFB6DA00CBC3E1 /* Assets.xcassets in Resources */ = {isa = PBXBuildFile; fileRef = 5FAEFF5623DFB6DA00CBC3E1 /* Assets.xcassets */; };
		5FAEFF5A23DFB6DA00CBC3E1 /* LaunchScreen.storyboard in Resources */ = {isa = PBXBuildFile; fileRef = 5FAEFF5823DFB6DA00CBC3E1 /* LaunchScreen.storyboard */; };
		5FAEFF6523DFB6DB00CBC3E1 /* senior_projectTests.swift in Sources */ = {isa = PBXBuildFile; fileRef = 5FAEFF6423DFB6DB00CBC3E1 /* senior_projectTests.swift */; };
		5FAEFF7023DFB6DB00CBC3E1 /* senior_projectUITests.swift in Sources */ = {isa = PBXBuildFile; fileRef = 5FAEFF6F23DFB6DB00CBC3E1 /* senior_projectUITests.swift */; };
		5FAEFF8023DFC7D700CBC3E1 /* GoogleService-Info.plist in Resources */ = {isa = PBXBuildFile; fileRef = 5FAEFF7F23DFC7D700CBC3E1 /* GoogleService-Info.plist */; };
		9767F6EEF873065469D9C684 /* Pods_senior_project_senior_projectUITests.framework in Frameworks */ = {isa = PBXBuildFile; fileRef = 016E1AFF9B2036B939A2A222 /* Pods_senior_project_senior_projectUITests.framework */; };
		DA66519E1700617C8B5373F7 /* Pods_senior_projectTests.framework in Frameworks */ = {isa = PBXBuildFile; fileRef = 4E34505D7980B5DADC1E2A23 /* Pods_senior_projectTests.framework */; };
		FB7097902B4FB8E5D78C3BEE /* Pods_senior_project.framework in Frameworks */ = {isa = PBXBuildFile; fileRef = 35348507506AD76FF4D065F3 /* Pods_senior_project.framework */; };
/* End PBXBuildFile section */

/* Begin PBXContainerItemProxy section */
		5FAEFF6123DFB6DA00CBC3E1 /* PBXContainerItemProxy */ = {
			isa = PBXContainerItemProxy;
			containerPortal = 5FAEFF4123DFB6D900CBC3E1 /* Project object */;
			proxyType = 1;
			remoteGlobalIDString = 5FAEFF4823DFB6D900CBC3E1;
			remoteInfo = "senior project";
		};
		5FAEFF6C23DFB6DB00CBC3E1 /* PBXContainerItemProxy */ = {
			isa = PBXContainerItemProxy;
			containerPortal = 5FAEFF4123DFB6D900CBC3E1 /* Project object */;
			proxyType = 1;
			remoteGlobalIDString = 5FAEFF4823DFB6D900CBC3E1;
			remoteInfo = "senior project";
		};
/* End PBXContainerItemProxy section */

/* Begin PBXFileReference section */
		016E1AFF9B2036B939A2A222 /* Pods_senior_project_senior_projectUITests.framework */ = {isa = PBXFileReference; explicitFileType = wrapper.framework; includeInIndex = 0; path = Pods_senior_project_senior_projectUITests.framework; sourceTree = BUILT_PRODUCTS_DIR; };
		35348507506AD76FF4D065F3 /* Pods_senior_project.framework */ = {isa = PBXFileReference; explicitFileType = wrapper.framework; includeInIndex = 0; path = Pods_senior_project.framework; sourceTree = BUILT_PRODUCTS_DIR; };
		4E34505D7980B5DADC1E2A23 /* Pods_senior_projectTests.framework */ = {isa = PBXFileReference; explicitFileType = wrapper.framework; includeInIndex = 0; path = Pods_senior_projectTests.framework; sourceTree = BUILT_PRODUCTS_DIR; };
		595C347B9B0DC0C6C5832A8E /* Pods-senior projectTests.debug.xcconfig */ = {isa = PBXFileReference; includeInIndex = 1; lastKnownFileType = text.xcconfig; name = "Pods-senior projectTests.debug.xcconfig"; path = "Target Support Files/Pods-senior projectTests/Pods-senior projectTests.debug.xcconfig"; sourceTree = "<group>"; };
		5F19057F24189279003CEC05 /* timeViewController.swift */ = {isa = PBXFileReference; lastKnownFileType = sourcecode.swift; path = timeViewController.swift; sourceTree = "<group>"; };
		5F44E5E0241C5E9900B2CC0A /* timerViewController.swift */ = {isa = PBXFileReference; lastKnownFileType = sourcecode.swift; path = timerViewController.swift; sourceTree = "<group>"; };
		5F5563C323E0191E00A6C62E /* createAccountViewController.swift */ = {isa = PBXFileReference; lastKnownFileType = sourcecode.swift; path = createAccountViewController.swift; sourceTree = "<group>"; };
		5F5563C723FCCF1300A6C62E /* mapViewController.swift */ = {isa = PBXFileReference; lastKnownFileType = sourcecode.swift; path = mapViewController.swift; sourceTree = "<group>"; };
		5F5563C923FF060A00A6C62E /* constants.swift */ = {isa = PBXFileReference; lastKnownFileType = sourcecode.swift; path = constants.swift; sourceTree = "<group>"; };
		5F5563CD23FF218700A6C62E /* logintoCarViewController.swift */ = {isa = PBXFileReference; lastKnownFileType = sourcecode.swift; path = logintoCarViewController.swift; sourceTree = "<group>"; };
		5FAEFF4923DFB6D900CBC3E1 /* senior project.app */ = {isa = PBXFileReference; explicitFileType = wrapper.application; includeInIndex = 0; path = "senior project.app"; sourceTree = BUILT_PRODUCTS_DIR; };
		5FAEFF4C23DFB6D900CBC3E1 /* AppDelegate.swift */ = {isa = PBXFileReference; lastKnownFileType = sourcecode.swift; path = AppDelegate.swift; sourceTree = "<group>"; };
		5FAEFF4E23DFB6D900CBC3E1 /* ViewController.swift */ = {isa = PBXFileReference; lastKnownFileType = sourcecode.swift; path = ViewController.swift; sourceTree = "<group>"; };
		5FAEFF5123DFB6D900CBC3E1 /* Base */ = {isa = PBXFileReference; lastKnownFileType = file.storyboard; name = Base; path = Base.lproj/Main.storyboard; sourceTree = "<group>"; };
		5FAEFF5423DFB6D900CBC3E1 /* senior_project.xcdatamodel */ = {isa = PBXFileReference; lastKnownFileType = wrapper.xcdatamodel; path = senior_project.xcdatamodel; sourceTree = "<group>"; };
		5FAEFF5623DFB6DA00CBC3E1 /* Assets.xcassets */ = {isa = PBXFileReference; lastKnownFileType = folder.assetcatalog; path = Assets.xcassets; sourceTree = "<group>"; };
		5FAEFF5923DFB6DA00CBC3E1 /* Base */ = {isa = PBXFileReference; lastKnownFileType = file.storyboard; name = Base; path = Base.lproj/LaunchScreen.storyboard; sourceTree = "<group>"; };
		5FAEFF5B23DFB6DA00CBC3E1 /* Info.plist */ = {isa = PBXFileReference; lastKnownFileType = text.plist.xml; path = Info.plist; sourceTree = "<group>"; };
		5FAEFF6023DFB6DA00CBC3E1 /* senior projectTests.xctest */ = {isa = PBXFileReference; explicitFileType = wrapper.cfbundle; includeInIndex = 0; path = "senior projectTests.xctest"; sourceTree = BUILT_PRODUCTS_DIR; };
		5FAEFF6423DFB6DB00CBC3E1 /* senior_projectTests.swift */ = {isa = PBXFileReference; lastKnownFileType = sourcecode.swift; path = senior_projectTests.swift; sourceTree = "<group>"; };
		5FAEFF6623DFB6DB00CBC3E1 /* Info.plist */ = {isa = PBXFileReference; lastKnownFileType = text.plist.xml; path = Info.plist; sourceTree = "<group>"; };
		5FAEFF6B23DFB6DB00CBC3E1 /* senior projectUITests.xctest */ = {isa = PBXFileReference; explicitFileType = wrapper.cfbundle; includeInIndex = 0; path = "senior projectUITests.xctest"; sourceTree = BUILT_PRODUCTS_DIR; };
		5FAEFF6F23DFB6DB00CBC3E1 /* senior_projectUITests.swift */ = {isa = PBXFileReference; lastKnownFileType = sourcecode.swift; path = senior_projectUITests.swift; sourceTree = "<group>"; };
		5FAEFF7123DFB6DB00CBC3E1 /* Info.plist */ = {isa = PBXFileReference; lastKnownFileType = text.plist.xml; path = Info.plist; sourceTree = "<group>"; };
		5FAEFF7F23DFC7D700CBC3E1 /* GoogleService-Info.plist */ = {isa = PBXFileReference; fileEncoding = 4; lastKnownFileType = text.plist.xml; path = "GoogleService-Info.plist"; sourceTree = "<group>"; };
		875456DAC99BFE6DB02AC388 /* Pods-senior project-senior projectUITests.release.xcconfig */ = {isa = PBXFileReference; includeInIndex = 1; lastKnownFileType = text.xcconfig; name = "Pods-senior project-senior projectUITests.release.xcconfig"; path = "Target Support Files/Pods-senior project-senior projectUITests/Pods-senior project-senior projectUITests.release.xcconfig"; sourceTree = "<group>"; };
		AB5FB33038946506F0D95C33 /* Pods-senior project.release.xcconfig */ = {isa = PBXFileReference; includeInIndex = 1; lastKnownFileType = text.xcconfig; name = "Pods-senior project.release.xcconfig"; path = "Target Support Files/Pods-senior project/Pods-senior project.release.xcconfig"; sourceTree = "<group>"; };
		B51E280B567EF0A2EC21534A /* Pods-senior project-senior projectUITests.debug.xcconfig */ = {isa = PBXFileReference; includeInIndex = 1; lastKnownFileType = text.xcconfig; name = "Pods-senior project-senior projectUITests.debug.xcconfig"; path = "Target Support Files/Pods-senior project-senior projectUITests/Pods-senior project-senior projectUITests.debug.xcconfig"; sourceTree = "<group>"; };
		F4528555311A71D40AD5F939 /* Pods-senior project.debug.xcconfig */ = {isa = PBXFileReference; includeInIndex = 1; lastKnownFileType = text.xcconfig; name = "Pods-senior project.debug.xcconfig"; path = "Target Support Files/Pods-senior project/Pods-senior project.debug.xcconfig"; sourceTree = "<group>"; };
		F60F7E11D88E322A0B0479CD /* Pods-senior projectTests.release.xcconfig */ = {isa = PBXFileReference; includeInIndex = 1; lastKnownFileType = text.xcconfig; name = "Pods-senior projectTests.release.xcconfig"; path = "Target Support Files/Pods-senior projectTests/Pods-senior projectTests.release.xcconfig"; sourceTree = "<group>"; };
/* End PBXFileReference section */

/* Begin PBXFrameworksBuildPhase section */
		5FAEFF4623DFB6D900CBC3E1 /* Frameworks */ = {
			isa = PBXFrameworksBuildPhase;
			buildActionMask = 2147483647;
			files = (
				FB7097902B4FB8E5D78C3BEE /* Pods_senior_project.framework in Frameworks */,
			);
			runOnlyForDeploymentPostprocessing = 0;
		};
		5FAEFF5D23DFB6DA00CBC3E1 /* Frameworks */ = {
			isa = PBXFrameworksBuildPhase;
			buildActionMask = 2147483647;
			files = (
				DA66519E1700617C8B5373F7 /* Pods_senior_projectTests.framework in Frameworks */,
			);
			runOnlyForDeploymentPostprocessing = 0;
		};
		5FAEFF6823DFB6DB00CBC3E1 /* Frameworks */ = {
			isa = PBXFrameworksBuildPhase;
			buildActionMask = 2147483647;
			files = (
				9767F6EEF873065469D9C684 /* Pods_senior_project_senior_projectUITests.framework in Frameworks */,
			);
			runOnlyForDeploymentPostprocessing = 0;
		};
/* End PBXFrameworksBuildPhase section */

/* Begin PBXGroup section */
		36A9A1639B00786BF782AE17 /* Frameworks */ = {
			isa = PBXGroup;
			children = (
				35348507506AD76FF4D065F3 /* Pods_senior_project.framework */,
				016E1AFF9B2036B939A2A222 /* Pods_senior_project_senior_projectUITests.framework */,
				4E34505D7980B5DADC1E2A23 /* Pods_senior_projectTests.framework */,
			);
			name = Frameworks;
			sourceTree = "<group>";
		};
		5FAEFF4023DFB6D900CBC3E1 = {
			isa = PBXGroup;
			children = (
				5FAEFF4B23DFB6D900CBC3E1 /* senior project */,
				5FAEFF6323DFB6DA00CBC3E1 /* senior projectTests */,
				5FAEFF6E23DFB6DB00CBC3E1 /* senior projectUITests */,
				5FAEFF4A23DFB6D900CBC3E1 /* Products */,
				6714DB7D209797922BE58B65 /* Pods */,
				36A9A1639B00786BF782AE17 /* Frameworks */,
			);
			sourceTree = "<group>";
		};
		5FAEFF4A23DFB6D900CBC3E1 /* Products */ = {
			isa = PBXGroup;
			children = (
				5FAEFF4923DFB6D900CBC3E1 /* senior project.app */,
				5FAEFF6023DFB6DA00CBC3E1 /* senior projectTests.xctest */,
				5FAEFF6B23DFB6DB00CBC3E1 /* senior projectUITests.xctest */,
			);
			name = Products;
			sourceTree = "<group>";
		};
		5FAEFF4B23DFB6D900CBC3E1 /* senior project */ = {
			isa = PBXGroup;
			children = (
				5FAEFF4C23DFB6D900CBC3E1 /* AppDelegate.swift */,
				5FAEFF4E23DFB6D900CBC3E1 /* ViewController.swift */,
				5FAEFF5023DFB6D900CBC3E1 /* Main.storyboard */,
				5F19057F24189279003CEC05 /* timeViewController.swift */,
				5FAEFF5623DFB6DA00CBC3E1 /* Assets.xcassets */,
				5FAEFF5823DFB6DA00CBC3E1 /* LaunchScreen.storyboard */,
				5FAEFF5B23DFB6DA00CBC3E1 /* Info.plist */,
				5FAEFF7F23DFC7D700CBC3E1 /* GoogleService-Info.plist */,
				5FAEFF5323DFB6D900CBC3E1 /* senior_project.xcdatamodeld */,
				5F5563C323E0191E00A6C62E /* createAccountViewController.swift */,
				5F5563C723FCCF1300A6C62E /* mapViewController.swift */,
				5F5563C923FF060A00A6C62E /* constants.swift */,
				5F5563CD23FF218700A6C62E /* logintoCarViewController.swift */,
				5F44E5E0241C5E9900B2CC0A /* timerViewController.swift */,
			);
			path = "senior project";
			sourceTree = "<group>";
		};
		5FAEFF6323DFB6DA00CBC3E1 /* senior projectTests */ = {
			isa = PBXGroup;
			children = (
				5FAEFF6423DFB6DB00CBC3E1 /* senior_projectTests.swift */,
				5FAEFF6623DFB6DB00CBC3E1 /* Info.plist */,
			);
			path = "senior projectTests";
			sourceTree = "<group>";
		};
		5FAEFF6E23DFB6DB00CBC3E1 /* senior projectUITests */ = {
			isa = PBXGroup;
			children = (
				5FAEFF6F23DFB6DB00CBC3E1 /* senior_projectUITests.swift */,
				5FAEFF7123DFB6DB00CBC3E1 /* Info.plist */,
			);
			path = "senior projectUITests";
			sourceTree = "<group>";
		};
		6714DB7D209797922BE58B65 /* Pods */ = {
			isa = PBXGroup;
			children = (
				F4528555311A71D40AD5F939 /* Pods-senior project.debug.xcconfig */,
				AB5FB33038946506F0D95C33 /* Pods-senior project.release.xcconfig */,
				B51E280B567EF0A2EC21534A /* Pods-senior project-senior projectUITests.debug.xcconfig */,
				875456DAC99BFE6DB02AC388 /* Pods-senior project-senior projectUITests.release.xcconfig */,
				595C347B9B0DC0C6C5832A8E /* Pods-senior projectTests.debug.xcconfig */,
				F60F7E11D88E322A0B0479CD /* Pods-senior projectTests.release.xcconfig */,
			);
			path = Pods;
			sourceTree = "<group>";
		};
/* End PBXGroup section */

/* Begin PBXNativeTarget section */
		5FAEFF4823DFB6D900CBC3E1 /* senior project */ = {
			isa = PBXNativeTarget;
			buildConfigurationList = 5FAEFF7423DFB6DB00CBC3E1 /* Build configuration list for PBXNativeTarget "senior project" */;
			buildPhases = (
				69D0661ACBA889E142E69A54 /* [CP] Check Pods Manifest.lock */,
				5FAEFF4523DFB6D900CBC3E1 /* Sources */,
				5FAEFF4623DFB6D900CBC3E1 /* Frameworks */,
				5FAEFF4723DFB6D900CBC3E1 /* Resources */,
				5B43B902B8EA0CEC5D3F26B8 /* [CP] Embed Pods Frameworks */,
			);
			buildRules = (
			);
			dependencies = (
			);
			name = "senior project";
			productName = "senior project";
			productReference = 5FAEFF4923DFB6D900CBC3E1 /* senior project.app */;
			productType = "com.apple.product-type.application";
		};
		5FAEFF5F23DFB6DA00CBC3E1 /* senior projectTests */ = {
			isa = PBXNativeTarget;
			buildConfigurationList = 5FAEFF7723DFB6DB00CBC3E1 /* Build configuration list for PBXNativeTarget "senior projectTests" */;
			buildPhases = (
				789B93A851279CC248CFBCB2 /* [CP] Check Pods Manifest.lock */,
				5FAEFF5C23DFB6DA00CBC3E1 /* Sources */,
				5FAEFF5D23DFB6DA00CBC3E1 /* Frameworks */,
				5FAEFF5E23DFB6DA00CBC3E1 /* Resources */,
				6544E9D290CB7BF3BFE0B239 /* [CP] Embed Pods Frameworks */,
			);
			buildRules = (
			);
			dependencies = (
				5FAEFF6223DFB6DA00CBC3E1 /* PBXTargetDependency */,
			);
			name = "senior projectTests";
			productName = "senior projectTests";
			productReference = 5FAEFF6023DFB6DA00CBC3E1 /* senior projectTests.xctest */;
			productType = "com.apple.product-type.bundle.unit-test";
		};
		5FAEFF6A23DFB6DB00CBC3E1 /* senior projectUITests */ = {
			isa = PBXNativeTarget;
			buildConfigurationList = 5FAEFF7A23DFB6DB00CBC3E1 /* Build configuration list for PBXNativeTarget "senior projectUITests" */;
			buildPhases = (
				423807E7014BB31A5D3AE064 /* [CP] Check Pods Manifest.lock */,
				5FAEFF6723DFB6DB00CBC3E1 /* Sources */,
				5FAEFF6823DFB6DB00CBC3E1 /* Frameworks */,
				5FAEFF6923DFB6DB00CBC3E1 /* Resources */,
				5E66A9EDFB8055E942755F7D /* [CP] Embed Pods Frameworks */,
			);
			buildRules = (
			);
			dependencies = (
				5FAEFF6D23DFB6DB00CBC3E1 /* PBXTargetDependency */,
			);
			name = "senior projectUITests";
			productName = "senior projectUITests";
			productReference = 5FAEFF6B23DFB6DB00CBC3E1 /* senior projectUITests.xctest */;
			productType = "com.apple.product-type.bundle.ui-testing";
		};
/* End PBXNativeTarget section */

/* Begin PBXProject section */
		5FAEFF4123DFB6D900CBC3E1 /* Project object */ = {
			isa = PBXProject;
			attributes = {
				LastSwiftUpdateCheck = 1030;
				LastUpgradeCheck = 1030;
				ORGANIZATIONNAME = "senior project";
				TargetAttributes = {
					5FAEFF4823DFB6D900CBC3E1 = {
						CreatedOnToolsVersion = 10.3;
					};
					5FAEFF5F23DFB6DA00CBC3E1 = {
						CreatedOnToolsVersion = 10.3;
						TestTargetID = 5FAEFF4823DFB6D900CBC3E1;
					};
					5FAEFF6A23DFB6DB00CBC3E1 = {
						CreatedOnToolsVersion = 10.3;
						TestTargetID = 5FAEFF4823DFB6D900CBC3E1;
					};
				};
			};
			buildConfigurationList = 5FAEFF4423DFB6D900CBC3E1 /* Build configuration list for PBXProject "senior project" */;
			compatibilityVersion = "Xcode 9.3";
			developmentRegion = en;
			hasScannedForEncodings = 0;
			knownRegions = (
				en,
				Base,
			);
			mainGroup = 5FAEFF4023DFB6D900CBC3E1;
			productRefGroup = 5FAEFF4A23DFB6D900CBC3E1 /* Products */;
			projectDirPath = "";
			projectRoot = "";
			targets = (
				5FAEFF4823DFB6D900CBC3E1 /* senior project */,
				5FAEFF5F23DFB6DA00CBC3E1 /* senior projectTests */,
				5FAEFF6A23DFB6DB00CBC3E1 /* senior projectUITests */,
			);
		};
/* End PBXProject section */

/* Begin PBXResourcesBuildPhase section */
		5FAEFF4723DFB6D900CBC3E1 /* Resources */ = {
			isa = PBXResourcesBuildPhase;
			buildActionMask = 2147483647;
			files = (
				5FAEFF5A23DFB6DA00CBC3E1 /* LaunchScreen.storyboard in Resources */,
				5FAEFF8023DFC7D700CBC3E1 /* GoogleService-Info.plist in Resources */,
				5FAEFF5723DFB6DA00CBC3E1 /* Assets.xcassets in Resources */,
				5FAEFF5223DFB6D900CBC3E1 /* Main.storyboard in Resources */,
			);
			runOnlyForDeploymentPostprocessing = 0;
		};
		5FAEFF5E23DFB6DA00CBC3E1 /* Resources */ = {
			isa = PBXResourcesBuildPhase;
			buildActionMask = 2147483647;
			files = (
			);
			runOnlyForDeploymentPostprocessing = 0;
		};
		5FAEFF6923DFB6DB00CBC3E1 /* Resources */ = {
			isa = PBXResourcesBuildPhase;
			buildActionMask = 2147483647;
			files = (
			);
			runOnlyForDeploymentPostprocessing = 0;
		};
/* End PBXResourcesBuildPhase section */

/* Begin PBXShellScriptBuildPhase section */
		423807E7014BB31A5D3AE064 /* [CP] Check Pods Manifest.lock */ = {
			isa = PBXShellScriptBuildPhase;
			buildActionMask = 2147483647;
			files = (
			);
			inputFileListPaths = (
			);
			inputPaths = (
				"${PODS_PODFILE_DIR_PATH}/Podfile.lock",
				"${PODS_ROOT}/Manifest.lock",
			);
			name = "[CP] Check Pods Manifest.lock";
			outputFileListPaths = (
			);
			outputPaths = (
				"$(DERIVED_FILE_DIR)/Pods-senior project-senior projectUITests-checkManifestLockResult.txt",
			);
			runOnlyForDeploymentPostprocessing = 0;
			shellPath = /bin/sh;
			shellScript = "diff \"${PODS_PODFILE_DIR_PATH}/Podfile.lock\" \"${PODS_ROOT}/Manifest.lock\" > /dev/null\nif [ $? != 0 ] ; then\n    # print error to STDERR\n    echo \"error: The sandbox is not in sync with the Podfile.lock. Run 'pod install' or update your CocoaPods installation.\" >&2\n    exit 1\nfi\n# This output is used by Xcode 'outputs' to avoid re-running this script phase.\necho \"SUCCESS\" > \"${SCRIPT_OUTPUT_FILE_0}\"\n";
			showEnvVarsInLog = 0;
		};
		5B43B902B8EA0CEC5D3F26B8 /* [CP] Embed Pods Frameworks */ = {
			isa = PBXShellScriptBuildPhase;
			buildActionMask = 2147483647;
			files = (
			);
			inputFileListPaths = (
				"${PODS_ROOT}/Target Support Files/Pods-senior project/Pods-senior project-frameworks-${CONFIGURATION}-input-files.xcfilelist",
			);
			name = "[CP] Embed Pods Frameworks";
			outputFileListPaths = (
				"${PODS_ROOT}/Target Support Files/Pods-senior project/Pods-senior project-frameworks-${CONFIGURATION}-output-files.xcfilelist",
			);
			runOnlyForDeploymentPostprocessing = 0;
			shellPath = /bin/sh;
			shellScript = "\"${PODS_ROOT}/Target Support Files/Pods-senior project/Pods-senior project-frameworks.sh\"\n";
			showEnvVarsInLog = 0;
		};
		5E66A9EDFB8055E942755F7D /* [CP] Embed Pods Frameworks */ = {
			isa = PBXShellScriptBuildPhase;
			buildActionMask = 2147483647;
			files = (
			);
			inputFileListPaths = (
				"${PODS_ROOT}/Target Support Files/Pods-senior project-senior projectUITests/Pods-senior project-senior projectUITests-frameworks-${CONFIGURATION}-input-files.xcfilelist",
			);
			name = "[CP] Embed Pods Frameworks";
			outputFileListPaths = (
				"${PODS_ROOT}/Target Support Files/Pods-senior project-senior projectUITests/Pods-senior project-senior projectUITests-frameworks-${CONFIGURATION}-output-files.xcfilelist",
			);
			runOnlyForDeploymentPostprocessing = 0;
			shellPath = /bin/sh;
			shellScript = "\"${PODS_ROOT}/Target Support Files/Pods-senior project-senior projectUITests/Pods-senior project-senior projectUITests-frameworks.sh\"\n";
			showEnvVarsInLog = 0;
		};
		6544E9D290CB7BF3BFE0B239 /* [CP] Embed Pods Frameworks */ = {
			isa = PBXShellScriptBuildPhase;
			buildActionMask = 2147483647;
			files = (
			);
			inputFileListPaths = (
				"${PODS_ROOT}/Target Support Files/Pods-senior projectTests/Pods-senior projectTests-frameworks-${CONFIGURATION}-input-files.xcfilelist",
			);
			name = "[CP] Embed Pods Frameworks";
			outputFileListPaths = (
				"${PODS_ROOT}/Target Support Files/Pods-senior projectTests/Pods-senior projectTests-frameworks-${CONFIGURATION}-output-files.xcfilelist",
			);
			runOnlyForDeploymentPostprocessing = 0;
			shellPath = /bin/sh;
			shellScript = "\"${PODS_ROOT}/Target Support Files/Pods-senior projectTests/Pods-senior projectTests-frameworks.sh\"\n";
			showEnvVarsInLog = 0;
		};
		69D0661ACBA889E142E69A54 /* [CP] Check Pods Manifest.lock */ = {
			isa = PBXShellScriptBuildPhase;
			buildActionMask = 2147483647;
			files = (
			);
			inputFileListPaths = (
			);
			inputPaths = (
				"${PODS_PODFILE_DIR_PATH}/Podfile.lock",
				"${PODS_ROOT}/Manifest.lock",
			);
			name = "[CP] Check Pods Manifest.lock";
			outputFileListPaths = (
			);
			outputPaths = (
				"$(DERIVED_FILE_DIR)/Pods-senior project-checkManifestLockResult.txt",
			);
			runOnlyForDeploymentPostprocessing = 0;
			shellPath = /bin/sh;
			shellScript = "diff \"${PODS_PODFILE_DIR_PATH}/Podfile.lock\" \"${PODS_ROOT}/Manifest.lock\" > /dev/null\nif [ $? != 0 ] ; then\n    # print error to STDERR\n    echo \"error: The sandbox is not in sync with the Podfile.lock. Run 'pod install' or update your CocoaPods installation.\" >&2\n    exit 1\nfi\n# This output is used by Xcode 'outputs' to avoid re-running this script phase.\necho \"SUCCESS\" > \"${SCRIPT_OUTPUT_FILE_0}\"\n";
			showEnvVarsInLog = 0;
		};
		789B93A851279CC248CFBCB2 /* [CP] Check Pods Manifest.lock */ = {
			isa = PBXShellScriptBuildPhase;
			buildActionMask = 2147483647;
			files = (
			);
			inputFileListPaths = (
			);
			inputPaths = (
				"${PODS_PODFILE_DIR_PATH}/Podfile.lock",
				"${PODS_ROOT}/Manifest.lock",
			);
			name = "[CP] Check Pods Manifest.lock";
			outputFileListPaths = (
			);
			outputPaths = (
				"$(DERIVED_FILE_DIR)/Pods-senior projectTests-checkManifestLockResult.txt",
			);
			runOnlyForDeploymentPostprocessing = 0;
			shellPath = /bin/sh;
			shellScript = "diff \"${PODS_PODFILE_DIR_PATH}/Podfile.lock\" \"${PODS_ROOT}/Manifest.lock\" > /dev/null\nif [ $? != 0 ] ; then\n    # print error to STDERR\n    echo \"error: The sandbox is not in sync with the Podfile.lock. Run 'pod install' or update your CocoaPods installation.\" >&2\n    exit 1\nfi\n# This output is used by Xcode 'outputs' to avoid re-running this script phase.\necho \"SUCCESS\" > \"${SCRIPT_OUTPUT_FILE_0}\"\n";
			showEnvVarsInLog = 0;
		};
/* End PBXShellScriptBuildPhase section */

/* Begin PBXSourcesBuildPhase section */
		5FAEFF4523DFB6D900CBC3E1 /* Sources */ = {
			isa = PBXSourcesBuildPhase;
			buildActionMask = 2147483647;
			files = (
				5F44E5E1241C5E9900B2CC0A /* timerViewController.swift in Sources */,
				5FAEFF4F23DFB6D900CBC3E1 /* ViewController.swift in Sources */,
				5F5563C423E0191E00A6C62E /* createAccountViewController.swift in Sources */,
				5FAEFF4D23DFB6D900CBC3E1 /* AppDelegate.swift in Sources */,
				5F19058024189279003CEC05 /* timeViewController.swift in Sources */,
				5F5563CA23FF060A00A6C62E /* constants.swift in Sources */,
				5F5563C823FCCF1300A6C62E /* mapViewController.swift in Sources */,
				5FAEFF5523DFB6D900CBC3E1 /* senior_project.xcdatamodeld in Sources */,
				5F5563CE23FF218800A6C62E /* logintoCarViewController.swift in Sources */,
			);
			runOnlyForDeploymentPostprocessing = 0;
		};
		5FAEFF5C23DFB6DA00CBC3E1 /* Sources */ = {
			isa = PBXSourcesBuildPhase;
			buildActionMask = 2147483647;
			files = (
				5FAEFF6523DFB6DB00CBC3E1 /* senior_projectTests.swift in Sources */,
			);
			runOnlyForDeploymentPostprocessing = 0;
		};
		5FAEFF6723DFB6DB00CBC3E1 /* Sources */ = {
			isa = PBXSourcesBuildPhase;
			buildActionMask = 2147483647;
			files = (
				5FAEFF7023DFB6DB00CBC3E1 /* senior_projectUITests.swift in Sources */,
			);
			runOnlyForDeploymentPostprocessing = 0;
		};
/* End PBXSourcesBuildPhase section */

/* Begin PBXTargetDependency section */
		5FAEFF6223DFB6DA00CBC3E1 /* PBXTargetDependency */ = {
			isa = PBXTargetDependency;
			target = 5FAEFF4823DFB6D900CBC3E1 /* senior project */;
			targetProxy = 5FAEFF6123DFB6DA00CBC3E1 /* PBXContainerItemProxy */;
		};
		5FAEFF6D23DFB6DB00CBC3E1 /* PBXTargetDependency */ = {
			isa = PBXTargetDependency;
			target = 5FAEFF4823DFB6D900CBC3E1 /* senior project */;
			targetProxy = 5FAEFF6C23DFB6DB00CBC3E1 /* PBXContainerItemProxy */;
		};
/* End PBXTargetDependency section */

/* Begin PBXVariantGroup section */
		5FAEFF5023DFB6D900CBC3E1 /* Main.storyboard */ = {
			isa = PBXVariantGroup;
			children = (
				5FAEFF5123DFB6D900CBC3E1 /* Base */,
			);
			name = Main.storyboard;
			sourceTree = "<group>";
		};
		5FAEFF5823DFB6DA00CBC3E1 /* LaunchScreen.storyboard */ = {
			isa = PBXVariantGroup;
			children = (
				5FAEFF5923DFB6DA00CBC3E1 /* Base */,
			);
			name = LaunchScreen.storyboard;
			sourceTree = "<group>";
		};
/* End PBXVariantGroup section */

/* Begin XCBuildConfiguration section */
		5FAEFF7223DFB6DB00CBC3E1 /* Debug */ = {
			isa = XCBuildConfiguration;
			buildSettings = {
				ALWAYS_SEARCH_USER_PATHS = NO;
				CLANG_ANALYZER_NONNULL = YES;
				CLANG_ANALYZER_NUMBER_OBJECT_CONVERSION = YES_AGGRESSIVE;
				CLANG_CXX_LANGUAGE_STANDARD = "gnu++14";
				CLANG_CXX_LIBRARY = "libc++";
				CLANG_ENABLE_MODULES = YES;
				CLANG_ENABLE_OBJC_ARC = YES;
				CLANG_ENABLE_OBJC_WEAK = YES;
				CLANG_WARN_BLOCK_CAPTURE_AUTORELEASING = YES;
				CLANG_WARN_BOOL_CONVERSION = YES;
				CLANG_WARN_COMMA = YES;
				CLANG_WARN_CONSTANT_CONVERSION = YES;
				CLANG_WARN_DEPRECATED_OBJC_IMPLEMENTATIONS = YES;
				CLANG_WARN_DIRECT_OBJC_ISA_USAGE = YES_ERROR;
				CLANG_WARN_DOCUMENTATION_COMMENTS = YES;
				CLANG_WARN_EMPTY_BODY = YES;
				CLANG_WARN_ENUM_CONVERSION = YES;
				CLANG_WARN_INFINITE_RECURSION = YES;
				CLANG_WARN_INT_CONVERSION = YES;
				CLANG_WARN_NON_LITERAL_NULL_CONVERSION = YES;
				CLANG_WARN_OBJC_IMPLICIT_RETAIN_SELF = YES;
				CLANG_WARN_OBJC_LITERAL_CONVERSION = YES;
				CLANG_WARN_OBJC_ROOT_CLASS = YES_ERROR;
				CLANG_WARN_RANGE_LOOP_ANALYSIS = YES;
				CLANG_WARN_STRICT_PROTOTYPES = YES;
				CLANG_WARN_SUSPICIOUS_MOVE = YES;
				CLANG_WARN_UNGUARDED_AVAILABILITY = YES_AGGRESSIVE;
				CLANG_WARN_UNREACHABLE_CODE = YES;
				CLANG_WARN__DUPLICATE_METHOD_MATCH = YES;
				CODE_SIGN_IDENTITY = "iPhone Developer";
				COPY_PHASE_STRIP = NO;
				DEBUG_INFORMATION_FORMAT = dwarf;
				ENABLE_STRICT_OBJC_MSGSEND = YES;
				ENABLE_TESTABILITY = YES;
				GCC_C_LANGUAGE_STANDARD = gnu11;
				GCC_DYNAMIC_NO_PIC = NO;
				GCC_NO_COMMON_BLOCKS = YES;
				GCC_OPTIMIZATION_LEVEL = 0;
				GCC_PREPROCESSOR_DEFINITIONS = (
					"DEBUG=1",
					"$(inherited)",
				);
				GCC_WARN_64_TO_32_BIT_CONVERSION = YES;
				GCC_WARN_ABOUT_RETURN_TYPE = YES_ERROR;
				GCC_WARN_UNDECLARED_SELECTOR = YES;
				GCC_WARN_UNINITIALIZED_AUTOS = YES_AGGRESSIVE;
				GCC_WARN_UNUSED_FUNCTION = YES;
				GCC_WARN_UNUSED_VARIABLE = YES;
				IPHONEOS_DEPLOYMENT_TARGET = 12.4;
				MTL_ENABLE_DEBUG_INFO = INCLUDE_SOURCE;
				MTL_FAST_MATH = YES;
				ONLY_ACTIVE_ARCH = YES;
				SDKROOT = iphoneos;
				SWIFT_ACTIVE_COMPILATION_CONDITIONS = DEBUG;
				SWIFT_OPTIMIZATION_LEVEL = "-Onone";
			};
			name = Debug;
		};
		5FAEFF7323DFB6DB00CBC3E1 /* Release */ = {
			isa = XCBuildConfiguration;
			buildSettings = {
				ALWAYS_SEARCH_USER_PATHS = NO;
				CLANG_ANALYZER_NONNULL = YES;
				CLANG_ANALYZER_NUMBER_OBJECT_CONVERSION = YES_AGGRESSIVE;
				CLANG_CXX_LANGUAGE_STANDARD = "gnu++14";
				CLANG_CXX_LIBRARY = "libc++";
				CLANG_ENABLE_MODULES = YES;
				CLANG_ENABLE_OBJC_ARC = YES;
				CLANG_ENABLE_OBJC_WEAK = YES;
				CLANG_WARN_BLOCK_CAPTURE_AUTORELEASING = YES;
				CLANG_WARN_BOOL_CONVERSION = YES;
				CLANG_WARN_COMMA = YES;
				CLANG_WARN_CONSTANT_CONVERSION = YES;
				CLANG_WARN_DEPRECATED_OBJC_IMPLEMENTATIONS = YES;
				CLANG_WARN_DIRECT_OBJC_ISA_USAGE = YES_ERROR;
				CLANG_WARN_DOCUMENTATION_COMMENTS = YES;
				CLANG_WARN_EMPTY_BODY = YES;
				CLANG_WARN_ENUM_CONVERSION = YES;
				CLANG_WARN_INFINITE_RECURSION = YES;
				CLANG_WARN_INT_CONVERSION = YES;
				CLANG_WARN_NON_LITERAL_NULL_CONVERSION = YES;
				CLANG_WARN_OBJC_IMPLICIT_RETAIN_SELF = YES;
				CLANG_WARN_OBJC_LITERAL_CONVERSION = YES;
				CLANG_WARN_OBJC_ROOT_CLASS = YES_ERROR;
				CLANG_WARN_RANGE_LOOP_ANALYSIS = YES;
				CLANG_WARN_STRICT_PROTOTYPES = YES;
				CLANG_WARN_SUSPICIOUS_MOVE = YES;
				CLANG_WARN_UNGUARDED_AVAILABILITY = YES_AGGRESSIVE;
				CLANG_WARN_UNREACHABLE_CODE = YES;
				CLANG_WARN__DUPLICATE_METHOD_MATCH = YES;
				CODE_SIGN_IDENTITY = "iPhone Developer";
				COPY_PHASE_STRIP = NO;
				DEBUG_INFORMATION_FORMAT = "dwarf-with-dsym";
				ENABLE_NS_ASSERTIONS = NO;
				ENABLE_STRICT_OBJC_MSGSEND = YES;
				GCC_C_LANGUAGE_STANDARD = gnu11;
				GCC_NO_COMMON_BLOCKS = YES;
				GCC_WARN_64_TO_32_BIT_CONVERSION = YES;
				GCC_WARN_ABOUT_RETURN_TYPE = YES_ERROR;
				GCC_WARN_UNDECLARED_SELECTOR = YES;
				GCC_WARN_UNINITIALIZED_AUTOS = YES_AGGRESSIVE;
				GCC_WARN_UNUSED_FUNCTION = YES;
				GCC_WARN_UNUSED_VARIABLE = YES;
				IPHONEOS_DEPLOYMENT_TARGET = 12.4;
				MTL_ENABLE_DEBUG_INFO = NO;
				MTL_FAST_MATH = YES;
				SDKROOT = iphoneos;
				SWIFT_COMPILATION_MODE = wholemodule;
				SWIFT_OPTIMIZATION_LEVEL = "-O";
				VALIDATE_PRODUCT = YES;
			};
			name = Release;
		};
		5FAEFF7523DFB6DB00CBC3E1 /* Debug */ = {
			isa = XCBuildConfiguration;
			baseConfigurationReference = F4528555311A71D40AD5F939 /* Pods-senior project.debug.xcconfig */;
			buildSettings = {
				ASSETCATALOG_COMPILER_APPICON_NAME = AppIcon;
				CODE_SIGN_STYLE = Automatic;
				DEVELOPMENT_TEAM = D73ZJH2HVH;
				INFOPLIST_FILE = "senior project/Info.plist";
				LD_RUNPATH_SEARCH_PATHS = (
					"$(inherited)",
					"@executable_path/Frameworks",
				);
				PRODUCT_BUNDLE_IDENTIFIER = "seniorproject.senior-project";
				PRODUCT_NAME = "$(TARGET_NAME)";
				SWIFT_VERSION = 5.0;
				TARGETED_DEVICE_FAMILY = "1,2";
			};
			name = Debug;
		};
		5FAEFF7623DFB6DB00CBC3E1 /* Release */ = {
			isa = XCBuildConfiguration;
			baseConfigurationReference = AB5FB33038946506F0D95C33 /* Pods-senior project.release.xcconfig */;
			buildSettings = {
				ASSETCATALOG_COMPILER_APPICON_NAME = AppIcon;
				CODE_SIGN_STYLE = Automatic;
				DEVELOPMENT_TEAM = D73ZJH2HVH;
				INFOPLIST_FILE = "senior project/Info.plist";
				LD_RUNPATH_SEARCH_PATHS = (
					"$(inherited)",
					"@executable_path/Frameworks",
				);
				PRODUCT_BUNDLE_IDENTIFIER = "seniorproject.senior-project";
				PRODUCT_NAME = "$(TARGET_NAME)";
				SWIFT_VERSION = 5.0;
				TARGETED_DEVICE_FAMILY = "1,2";
			};
			name = Release;
		};
		5FAEFF7823DFB6DB00CBC3E1 /* Debug */ = {
			isa = XCBuildConfiguration;
			baseConfigurationReference = 595C347B9B0DC0C6C5832A8E /* Pods-senior projectTests.debug.xcconfig */;
			buildSettings = {
				ALWAYS_EMBED_SWIFT_STANDARD_LIBRARIES = YES;
				BUNDLE_LOADER = "$(TEST_HOST)";
				CODE_SIGN_STYLE = Automatic;
				DEVELOPMENT_TEAM = D73ZJH2HVH;
				INFOPLIST_FILE = "senior projectTests/Info.plist";
				LD_RUNPATH_SEARCH_PATHS = (
					"$(inherited)",
					"@executable_path/Frameworks",
					"@loader_path/Frameworks",
				);
				PRODUCT_BUNDLE_IDENTIFIER = "seniorproject.senior-projectTests";
				PRODUCT_NAME = "$(TARGET_NAME)";
				SWIFT_VERSION = 5.0;
				TARGETED_DEVICE_FAMILY = "1,2";
				TEST_HOST = "$(BUILT_PRODUCTS_DIR)/senior project.app/senior project";
			};
			name = Debug;
		};
		5FAEFF7923DFB6DB00CBC3E1 /* Release */ = {
			isa = XCBuildConfiguration;
			baseConfigurationReference = F60F7E11D88E322A0B0479CD /* Pods-senior projectTests.release.xcconfig */;
			buildSettings = {
				ALWAYS_EMBED_SWIFT_STANDARD_LIBRARIES = YES;
				BUNDLE_LOADER = "$(TEST_HOST)";
				CODE_SIGN_STYLE = Automatic;
				DEVELOPMENT_TEAM = D73ZJH2HVH;
				INFOPLIST_FILE = "senior projectTests/Info.plist";
				LD_RUNPATH_SEARCH_PATHS = (
					"$(inherited)",
					"@executable_path/Frameworks",
					"@loader_path/Frameworks",
				);
				PRODUCT_BUNDLE_IDENTIFIER = "seniorproject.senior-projectTests";
				PRODUCT_NAME = "$(TARGET_NAME)";
				SWIFT_VERSION = 5.0;
				TARGETED_DEVICE_FAMILY = "1,2";
				TEST_HOST = "$(BUILT_PRODUCTS_DIR)/senior project.app/senior project";
			};
			name = Release;
		};
		5FAEFF7B23DFB6DB00CBC3E1 /* Debug */ = {
			isa = XCBuildConfiguration;
			baseConfigurationReference = B51E280B567EF0A2EC21534A /* Pods-senior project-senior projectUITests.debug.xcconfig */;
			buildSettings = {
				ALWAYS_EMBED_SWIFT_STANDARD_LIBRARIES = YES;
				CODE_SIGN_STYLE = Automatic;
				DEVELOPMENT_TEAM = D73ZJH2HVH;
				INFOPLIST_FILE = "senior projectUITests/Info.plist";
				LD_RUNPATH_SEARCH_PATHS = (
					"$(inherited)",
					"@executable_path/Frameworks",
					"@loader_path/Frameworks",
				);
				PRODUCT_BUNDLE_IDENTIFIER = "seniorproject.senior-projectUITests";
				PRODUCT_NAME = "$(TARGET_NAME)";
				SWIFT_VERSION = 5.0;
				TARGETED_DEVICE_FAMILY = "1,2";
				TEST_TARGET_NAME = "senior project";
			};
			name = Debug;
		};
		5FAEFF7C23DFB6DB00CBC3E1 /* Release */ = {
			isa = XCBuildConfiguration;
			baseConfigurationReference = 875456DAC99BFE6DB02AC388 /* Pods-senior project-senior projectUITests.release.xcconfig */;
			buildSettings = {
				ALWAYS_EMBED_SWIFT_STANDARD_LIBRARIES = YES;
				CODE_SIGN_STYLE = Automatic;
				DEVELOPMENT_TEAM = D73ZJH2HVH;
				INFOPLIST_FILE = "senior projectUITests/Info.plist";
				LD_RUNPATH_SEARCH_PATHS = (
					"$(inherited)",
					"@executable_path/Frameworks",
					"@loader_path/Frameworks",
				);
				PRODUCT_BUNDLE_IDENTIFIER = "seniorproject.senior-projectUITests";
				PRODUCT_NAME = "$(TARGET_NAME)";
				SWIFT_VERSION = 5.0;
				TARGETED_DEVICE_FAMILY = "1,2";
				TEST_TARGET_NAME = "senior project";
			};
			name = Release;
		};
/* End XCBuildConfiguration section */

/* Begin XCConfigurationList section */
		5FAEFF4423DFB6D900CBC3E1 /* Build configuration list for PBXProject "senior project" */ = {
			isa = XCConfigurationList;
			buildConfigurations = (
				5FAEFF7223DFB6DB00CBC3E1 /* Debug */,
				5FAEFF7323DFB6DB00CBC3E1 /* Release */,
			);
			defaultConfigurationIsVisible = 0;
			defaultConfigurationName = Release;
		};
		5FAEFF7423DFB6DB00CBC3E1 /* Build configuration list for PBXNativeTarget "senior project" */ = {
			isa = XCConfigurationList;
			buildConfigurations = (
				5FAEFF7523DFB6DB00CBC3E1 /* Debug */,
				5FAEFF7623DFB6DB00CBC3E1 /* Release */,
			);
			defaultConfigurationIsVisible = 0;
			defaultConfigurationName = Release;
		};
		5FAEFF7723DFB6DB00CBC3E1 /* Build configuration list for PBXNativeTarget "senior projectTests" */ = {
			isa = XCConfigurationList;
			buildConfigurations = (
				5FAEFF7823DFB6DB00CBC3E1 /* Debug */,
				5FAEFF7923DFB6DB00CBC3E1 /* Release */,
			);
			defaultConfigurationIsVisible = 0;
			defaultConfigurationName = Release;
		};
		5FAEFF7A23DFB6DB00CBC3E1 /* Build configuration list for PBXNativeTarget "senior projectUITests" */ = {
			isa = XCConfigurationList;
			buildConfigurations = (
				5FAEFF7B23DFB6DB00CBC3E1 /* Debug */,
				5FAEFF7C23DFB6DB00CBC3E1 /* Release */,
			);
			defaultConfigurationIsVisible = 0;
			defaultConfigurationName = Release;
		};
/* End XCConfigurationList section */

/* Begin XCVersionGroup section */
		5FAEFF5323DFB6D900CBC3E1 /* senior_project.xcdatamodeld */ = {
			isa = XCVersionGroup;
			children = (
				5FAEFF5423DFB6D900CBC3E1 /* senior_project.xcdatamodel */,
			);
			currentVersion = 5FAEFF5423DFB6D900CBC3E1 /* senior_project.xcdatamodel */;
			path = senior_project.xcdatamodeld;
			sourceTree = "<group>";
			versionGroupType = wrapper.xcdatamodel;
		};
/* End XCVersionGroup section */
	};
	rootObject = 5FAEFF4123DFB6D900CBC3E1 /* Project object */;
}
